
Microsoft Visual Studio Solution File, Format Version 12.00
# Visual Studio Version 17
VisualStudioVersion = 17.2.32630.192
MinimumVisualStudioVersion = 10.0.40219.1
Project("{FAE04EC0-301F-11D3-BF4B-00C04F79EFBC}") = "DenemeServisSinif", "DenemeServisSinif\DenemeServisSinif.csproj", "{BF787C71-E664-43BE-A9BE-720DF4834CE3}"
EndProject
Project("{E24C65DC-7377-472B-9ABA-BC803B73C61A}") = "WCFService", "WCFService\", "{8A7D8596-B175-487F-84F2-6E28E2406CEE}"
	ProjectSection(WebsiteProperties) = preProject
		TargetFrameworkMoniker = ".NETFramework,Version%3Dv4.7.2"
		ProjectReferences = "{bf787c71-e664-43be-a9be-720df4834ce3}|DenemeServisSinif.dll;"
		Debug.AspNetCompiler.VirtualPath = "/localhost_51039"
		Debug.AspNetCompiler.PhysicalPath = "WCFService\"
		Debug.AspNetCompiler.TargetPath = "PrecompiledWeb\localhost_51039\"
		Debug.AspNetCompiler.Updateable = "true"
		Debug.AspNetCompiler.ForceOverwrite = "true"
		Debug.AspNetCompiler.FixedNames = "false"
		Debug.AspNetCompiler.Debug = "True"
		Release.AspNetCompiler.VirtualPath = "/localhost_51039"
		Release.AspNetCompiler.PhysicalPath = "WCFService\"
		Release.AspNetCompiler.TargetPath = "PrecompiledWeb\localhost_51039\"
		Release.AspNetCompiler.Updateable = "true"
		Release.AspNetCompiler.ForceOverwrite = "true"
		Release.AspNetCompiler.FixedNames = "false"
		Release.AspNetCompiler.Debug = "False"
		VWDPort = "51039"
		SlnRelativePath = "WCFService\"
		DefaultWebSiteLanguage = "Visual C#"
	EndProjectSection
EndProject
Project("{FAE04EC0-301F-11D3-BF4B-00C04F79EFBC}") = "WebApplication1", "WebApplication1\WebApplication1.csproj", "{83A6EEE5-5B75-48F6-A6D7-0AA626C9FB09}"
	ProjectSection(ProjectDependencies) = postProject
		{8A7D8596-B175-487F-84F2-6E28E2406CEE} = {8A7D8596-B175-487F-84F2-6E28E2406CEE}
	EndProjectSection
EndProject
Global
	GlobalSection(SolutionConfigurationPlatforms) = preSolution
		Debug|Any CPU = Debug|Any CPU
		Release|Any CPU = Release|Any CPU
	EndGlobalSection
	GlobalSection(ProjectConfigurationPlatforms) = postSolution
		{BF787C71-E664-43BE-A9BE-720DF4834CE3}.Debug|Any CPU.ActiveCfg = Debug|Any CPU
		{BF787C71-E664-43BE-A9BE-720DF4834CE3}.Debug|Any CPU.Build.0 = Debug|Any CPU
		{BF787C71-E664-43BE-A9BE-720DF4834CE3}.Release|Any CPU.ActiveCfg = Release|Any CPU
		{BF787C71-E664-43BE-A9BE-720DF4834CE3}.Release|Any CPU.Build.0 = Release|Any CPU
		{8A7D8596-B175-487F-84F2-6E28E2406CEE}.Debug|Any CPU.ActiveCfg = Debug|Any CPU
		{8A7D8596-B175-487F-84F2-6E28E2406CEE}.Debug|Any CPU.Build.0 = Debug|Any CPU
		{8A7D8596-B175-487F-84F2-6E28E2406CEE}.Release|Any CPU.ActiveCfg = Debug|Any CPU
		{8A7D8596-B175-487F-84F2-6E28E2406CEE}.Release|Any CPU.Build.0 = Debug|Any CPU
		{83A6EEE5-5B75-48F6-A6D7-0AA626C9FB09}.Debug|Any CPU.ActiveCfg = Debug|Any CPU
		{83A6EEE5-5B75-48F6-A6D7-0AA626C9FB09}.Debug|Any CPU.Build.0 = Debug|Any CPU
		{83A6EEE5-5B75-48F6-A6D7-0AA626C9FB09}.Release|Any CPU.ActiveCfg = Release|Any CPU
		{83A6EEE5-5B75-48F6-A6D7-0AA626C9FB09}.Release|Any CPU.Build.0 = Release|Any CPU
	EndGlobalSection
	GlobalSection(SolutionProperties) = preSolution
		HideSolutionNode = FALSE
	EndGlobalSection
	GlobalSection(ExtensibilityGlobals) = postSolution
		SolutionGuid = {1CDAE7CE-2228-4C5C-BDFE-ABF4DB58FEC1}
	EndGlobalSection
EndGlobal
